{
  "name": "@surf-iscool/auth-client",
  "version": "1.0.0",
  "lockfileVersion": 3,
  "requires": true,
  "packages": {
    "": {
      "name": "@surf-iscool/auth-client",
      "version": "1.0.0",
      "dependencies": {
        "@supabase/supabase-js": "^2.49.4"
      },
      "devDependencies": {
        "@faker-js/faker": "9.0.3",
        "vitest": "^4.0.14"
      }
    },
    "../../node_modules/.pnpm/@faker-js+faker@9.0.3/node_modules/@faker-js/faker": {
      "version": "9.0.3",
      "dev": true,
      "funding": [
        {
          "type": "opencollective",
          "url": "https://opencollective.com/fakerjs"
        }
      ],
      "license": "MIT",
      "devDependencies": {
        "@actions/github": "6.0.0",
        "@algolia/client-search": "5.5.3",
        "@eslint/compat": "1.1.1",
        "@eslint/js": "9.11.0",
        "@stylistic/eslint-plugin": "2.8.0",
        "@types/eslint__js": "8.42.3",
        "@types/node": "20.16.5",
        "@types/sanitize-html": "2.13.0",
        "@types/semver": "7.5.8",
        "@types/validator": "13.12.2",
        "@vitest/coverage-v8": "2.1.1",
        "@vitest/eslint-plugin": "1.1.4",
        "@vitest/ui": "2.1.1",
        "@vueuse/core": "11.1.0",
        "commit-and-tag-version": "12.4.4",
        "cypress": "13.14.2",
        "eslint": "9.11.0",
        "eslint-config-prettier": "9.1.0",
        "eslint-define-config": "2.1.0",
        "eslint-plugin-jsdoc": "50.2.4",
        "eslint-plugin-prettier": "5.2.1",
        "eslint-plugin-unicorn": "55.0.0",
        "jiti": "1.21.6",
        "npm-run-all2": "6.2.3",
        "prettier": "3.3.3",
        "prettier-plugin-organize-imports": "4.1.0",
        "prettier-plugin-packagejson": "2.5.2",
        "rimraf": "5.0.10",
        "sanitize-html": "2.13.0",
        "semver": "7.6.3",
        "ts-morph": "23.0.0",
        "tsup": "8.3.0",
        "tsx": "4.19.1",
        "typescript": "5.6.2",
        "typescript-eslint": "8.7.0",
        "validator": "13.12.0",
        "vite": "5.4.7",
        "vitepress": "1.3.4",
        "vitest": "2.1.1",
        "vue": "3.5.8",
        "vue-tsc": "2.1.6"
      },
      "engines": {
        "node": ">=18.0.0",
        "npm": ">=9.0.0"
      }
    },
    "../../node_modules/.pnpm/firebase@12.6.0/node_modules/firebase": {
      "version": "12.6.0",
      "extraneous": true,
      "license": "Apache-2.0",
      "dependencies": {
        "@firebase/ai": "2.6.0",
        "@firebase/analytics": "0.10.19",
        "@firebase/analytics-compat": "0.2.25",
        "@firebase/app": "0.14.6",
        "@firebase/app-check": "0.11.0",
        "@firebase/app-check-compat": "0.4.0",
        "@firebase/app-compat": "0.5.6",
        "@firebase/app-types": "0.9.3",
        "@firebase/auth": "1.11.1",
        "@firebase/auth-compat": "0.6.1",
        "@firebase/data-connect": "0.3.12",
        "@firebase/database": "1.1.0",
        "@firebase/database-compat": "2.1.0",
        "@firebase/firestore": "4.9.2",
        "@firebase/firestore-compat": "0.4.2",
        "@firebase/functions": "0.13.1",
        "@firebase/functions-compat": "0.4.1",
        "@firebase/installations": "0.6.19",
        "@firebase/installations-compat": "0.2.19",
        "@firebase/messaging": "0.12.23",
        "@firebase/messaging-compat": "0.2.23",
        "@firebase/performance": "0.7.9",
        "@firebase/performance-compat": "0.2.22",
        "@firebase/remote-config": "0.7.0",
        "@firebase/remote-config-compat": "0.2.20",
        "@firebase/storage": "0.14.0",
        "@firebase/storage-compat": "0.4.0",
        "@firebase/util": "1.13.0"
      },
      "devDependencies": {
        "@rollup/plugin-commonjs": "21.1.0",
        "@rollup/plugin-node-resolve": "16.0.0",
        "@rollup/plugin-terser": "0.4.4",
        "gulp": "4.0.2",
        "gulp-replace": "1.1.4",
        "gulp-sourcemaps": "3.0.0",
        "rollup": "2.79.2",
        "rollup-plugin-license": "3.5.3",
        "rollup-plugin-sourcemaps": "0.6.3",
        "rollup-plugin-typescript2": "0.36.0",
        "rollup-plugin-uglify": "6.0.4",
        "typescript": "5.5.4"
      }
    },
    "../../node_modules/.pnpm/vitest@4.0.14_@opentelemetry+api@1.9.0_@types+node@22.19.1_jiti@2.6.1_lightningcss@1.30.2_terser@5.44.1_yaml@2.8.1/node_modules/vitest": {
      "version": "4.0.14",
      "dev": true,
      "license": "MIT",
      "dependencies": {
        "@vitest/expect": "4.0.14",
        "@vitest/mocker": "4.0.14",
        "@vitest/pretty-format": "4.0.14",
        "@vitest/runner": "4.0.14",
        "@vitest/snapshot": "4.0.14",
        "@vitest/spy": "4.0.14",
        "@vitest/utils": "4.0.14",
        "es-module-lexer": "^1.7.0",
        "expect-type": "^1.2.2",
        "magic-string": "^0.30.21",
        "obug": "^2.1.1",
        "pathe": "^2.0.3",
        "picomatch": "^4.0.3",
        "std-env": "^3.10.0",
        "tinybench": "^2.9.0",
        "tinyexec": "^0.3.2",
        "tinyglobby": "^0.2.15",
        "tinyrainbow": "^3.0.3",
        "vite": "^6.0.0 || ^7.0.0",
        "why-is-node-running": "^2.3.0"
      },
      "bin": {
        "vitest": "vitest.mjs"
      },
      "devDependencies": {
        "@antfu/install-pkg": "^1.1.0",
        "@edge-runtime/vm": "^5.0.0",
        "@jridgewell/trace-mapping": "0.3.31",
        "@opentelemetry/api": "^1.9.0",
        "@sinonjs/fake-timers": "14.0.0",
        "@types/estree": "^1.0.8",
        "@types/istanbul-lib-coverage": "^2.0.6",
        "@types/istanbul-reports": "^3.0.4",
        "@types/jsdom": "^27.0.0",
        "@types/node": "^24.10.1",
        "@types/picomatch": "^4.0.2",
        "@types/prompts": "^2.4.9",
        "@types/sinonjs__fake-timers": "^8.1.5",
        "acorn-walk": "^8.3.4",
        "birpc": "^2.8.0",
        "cac": "^6.7.14",
        "empathic": "^2.0.0",
        "flatted": "^3.3.3",
        "happy-dom": "^20.0.10",
        "jsdom": "^27.2.0",
        "local-pkg": "^1.1.2",
        "mime": "^4.1.0",
        "prompts": "^2.4.2",
        "strip-literal": "^3.1.0",
        "ws": "^8.18.3"
      },
      "engines": {
        "node": "^20.0.0 || ^22.0.0 || >=24.0.0"
      },
      "funding": {
        "url": "https://opencollective.com/vitest"
      },
      "peerDependencies": {
        "@edge-runtime/vm": "*",
        "@opentelemetry/api": "^1.9.0",
        "@types/node": "^20.0.0 || ^22.0.0 || >=24.0.0",
        "@vitest/browser-playwright": "4.0.14",
        "@vitest/browser-preview": "4.0.14",
        "@vitest/browser-webdriverio": "4.0.14",
        "@vitest/ui": "4.0.14",
        "happy-dom": "*",
        "jsdom": "*"
      },
      "peerDependenciesMeta": {
        "@edge-runtime/vm": {
          "optional": true
        },
        "@opentelemetry/api": {
          "optional": true
        },
        "@types/node": {
          "optional": true
        },
        "@vitest/browser-playwright": {
          "optional": true
        },
        "@vitest/browser-preview": {
          "optional": true
        },
        "@vitest/browser-webdriverio": {
          "optional": true
        },
        "@vitest/ui": {
          "optional": true
        },
        "happy-dom": {
          "optional": true
        },
        "jsdom": {
          "optional": true
        }
      }
    },
    "node_modules/@faker-js/faker": {
      "resolved": "../../node_modules/.pnpm/@faker-js+faker@9.0.3/node_modules/@faker-js/faker",
      "link": true
    },
    "node_modules/@supabase/auth-js": {
      "version": "2.90.1",
      "resolved": "https://registry.npmjs.org/@supabase/auth-js/-/auth-js-2.90.1.tgz",
      "integrity": "sha512-vxb66dgo6h3yyPbR06735Ps+dK3hj0JwS8w9fdQPVZQmocSTlKUW5MfxSy99mN0XqCCuLMQ3jCEiIIUU23e9ng==",
      "license": "MIT",
      "dependencies": {
        "tslib": "2.8.1"
      },
      "engines": {
        "node": ">=20.0.0"
      }
    },
    "node_modules/@supabase/functions-js": {
      "version": "2.90.1",
      "resolved": "https://registry.npmjs.org/@supabase/functions-js/-/functions-js-2.90.1.tgz",
      "integrity": "sha512-x9mV9dF1Lam9qL3zlpP6mSM5C9iqMPtF5B/tU1Jj/F0ufX5mjDf9ghVBaErVxmrQJRL4+iMKWKY2GnODkpS8tw==",
      "license": "MIT",
      "dependencies": {
        "tslib": "2.8.1"
      },
      "engines": {
        "node": ">=20.0.0"
      }
    },
    "node_modules/@supabase/postgrest-js": {
      "version": "2.90.1",
      "resolved": "https://registry.npmjs.org/@supabase/postgrest-js/-/postgrest-js-2.90.1.tgz",
      "integrity": "sha512-jh6vqzaYzoFn3raaC0hcFt9h+Bt+uxNRBSdc7PfToQeRGk7PDPoweHsbdiPWREtDVTGKfu+PyPW9e2jbK+BCgQ==",
      "license": "MIT",
      "dependencies": {
        "tslib": "2.8.1"
      },
      "engines": {
        "node": ">=20.0.0"
      }
    },
    "node_modules/@supabase/realtime-js": {
      "version": "2.90.1",
      "resolved": "https://registry.npmjs.org/@supabase/realtime-js/-/realtime-js-2.90.1.tgz",
      "integrity": "sha512-PWbnEMkcQRuor8jhObp4+Snufkq8C6fBp+MchVp2qBPY1NXk/c3Iv3YyiFYVzo0Dzuw4nAlT4+ahuPggy4r32w==",
      "license": "MIT",
      "dependencies": {
        "@types/phoenix": "^1.6.6",
        "@types/ws": "^8.18.1",
        "tslib": "2.8.1",
        "ws": "^8.18.2"
      },
      "engines": {
        "node": ">=20.0.0"
      }
    },
    "node_modules/@supabase/storage-js": {
      "version": "2.90.1",
      "resolved": "https://registry.npmjs.org/@supabase/storage-js/-/storage-js-2.90.1.tgz",
      "integrity": "sha512-GHY+Ps/K/RBfRj7kwx+iVf2HIdqOS43rM2iDOIDpapyUnGA9CCBFzFV/XvfzznGykd//z2dkGZhlZZprsVFqGg==",
      "license": "MIT",
      "dependencies": {
        "iceberg-js": "^0.8.1",
        "tslib": "2.8.1"
      },
      "engines": {
        "node": ">=20.0.0"
      }
    },
    "node_modules/@supabase/supabase-js": {
      "version": "2.90.1",
      "resolved": "https://registry.npmjs.org/@supabase/supabase-js/-/supabase-js-2.90.1.tgz",
      "integrity": "sha512-U8KaKGLUgTIFHtwEW1dgw1gK7XrdpvvYo7nzzqPx721GqPe8WZbAiLh/hmyKLGBYQ/mmQNr20vU9tWSDZpii3w==",
      "license": "MIT",
      "dependencies": {
        "@supabase/auth-js": "2.90.1",
        "@supabase/functions-js": "2.90.1",
        "@supabase/postgrest-js": "2.90.1",
        "@supabase/realtime-js": "2.90.1",
        "@supabase/storage-js": "2.90.1"
      },
      "engines": {
        "node": ">=20.0.0"
      }
    },
    "node_modules/@types/node": {
      "version": "25.0.9",
      "resolved": "https://registry.npmjs.org/@types/node/-/node-25.0.9.tgz",
      "integrity": "sha512-/rpCXHlCWeqClNBwUhDcusJxXYDjZTyE8v5oTO7WbL8eij2nKhUeU89/6xgjU7N4/Vh3He0BtyhJdQbDyhiXAw==",
      "license": "MIT",
      "dependencies": {
        "undici-types": "~7.16.0"
      }
    },
    "node_modules/@types/phoenix": {
      "version": "1.6.7",
      "resolved": "https://registry.npmjs.org/@types/phoenix/-/phoenix-1.6.7.tgz",
      "integrity": "sha512-oN9ive//QSBkf19rfDv45M7eZPi0eEXylht2OLEXicu5b4KoQ1OzXIw+xDSGWxSxe1JmepRR/ZH283vsu518/Q==",
      "license": "MIT"
    },
    "node_modules/@types/ws": {
      "version": "8.18.1",
      "resolved": "https://registry.npmjs.org/@types/ws/-/ws-8.18.1.tgz",
      "integrity": "sha512-ThVF6DCVhA8kUGy+aazFQ4kXQ7E1Ty7A3ypFOe0IcJV8O/M511G99AW24irKrW56Wt44yG9+ij8FaqoBGkuBXg==",
      "license": "MIT",
      "dependencies": {
        "@types/node": "*"
      }
    },
    "node_modules/iceberg-js": {
      "version": "0.8.1",
      "resolved": "https://registry.npmjs.org/iceberg-js/-/iceberg-js-0.8.1.tgz",
      "integrity": "sha512-1dhVQZXhcHje7798IVM+xoo/1ZdVfzOMIc8/rgVSijRK38EDqOJoGula9N/8ZI5RD8QTxNQtK/Gozpr+qUqRRA==",
      "license": "MIT",
      "engines": {
        "node": ">=20.0.0"
      }
    },
    "node_modules/tslib": {
      "version": "2.8.1",
      "resolved": "https://registry.npmjs.org/tslib/-/tslib-2.8.1.tgz",
      "integrity": "sha512-oJFu94HQb+KVduSUQL7wnpmqnfmLsOA/nAh6b6EH0wCEoK0/mPeXU6c3wKDV83MkOuHPRHtSXKKU99IBazS/2w==",
      "license": "0BSD"
    },
    "node_modules/undici-types": {
      "version": "7.16.0",
      "resolved": "https://registry.npmjs.org/undici-types/-/undici-types-7.16.0.tgz",
      "integrity": "sha512-Zz+aZWSj8LE6zoxD+xrjh4VfkIG8Ya6LvYkZqtUQGJPZjYl53ypCaUwWqo7eI0x66KBGeRo+mlBEkMSeSZ38Nw==",
      "license": "MIT"
    },
    "node_modules/vitest": {
      "resolved": "../../node_modules/.pnpm/vitest@4.0.14_@opentelemetry+api@1.9.0_@types+node@22.19.1_jiti@2.6.1_lightningcss@1.30.2_terser@5.44.1_yaml@2.8.1/node_modules/vitest",
      "link": true
    },
    "node_modules/ws": {
      "version": "8.19.0",
      "resolved": "https://registry.npmjs.org/ws/-/ws-8.19.0.tgz",
      "integrity": "sha512-blAT2mjOEIi0ZzruJfIhb3nps74PRWTCz1IjglWEEpQl5XS/UNama6u2/rjFkDDouqr4L67ry+1aGIALViWjDg==",
      "license": "MIT",
      "engines": {
        "node": ">=10.0.0"
      },
      "peerDependencies": {
        "bufferutil": "^4.0.1",
        "utf-8-validate": ">=5.0.2"
      },
      "peerDependenciesMeta": {
        "bufferutil": {
          "optional": true
        },
        "utf-8-validate": {
          "optional": true
        }
      }
    }
  }
}
